
Microsoft Visual Studio Solution File, Format Version 12.00
# Visual Studio 15
VisualStudioVersion = 15.0.27703.2000
MinimumVisualStudioVersion = 10.0.40219.1
Project("{FAE04EC0-301F-11D3-BF4B-00C04F79EFBC}") = "CLinq.Demo", "CLinq.Demo\CLinq.Demo.csproj", "{A0F588F5-A13B-4E1C-B1D5-C552451B9662}"
EndProject
Global
	GlobalSection(SolutionConfigurationPlatforms) = preSolution
		Debug|Any CPU = Debug|Any CPU
		Release|Any CPU = Release|Any CPU
	EndGlobalSection
	GlobalSection(ProjectConfigurationPlatforms) = postSolution
		{A0F588F5-A13B-4E1C-B1D5-C552451B9662}.Debug|Any CPU.ActiveCfg = Debug|Any CPU
		{A0F588F5-A13B-4E1C-B1D5-C552451B9662}.Debug|Any CPU.Build.0 = Debug|Any CPU
		{A0F588F5-A13B-4E1C-B1D5-C552451B9662}.Release|Any CPU.ActiveCfg = Release|Any CPU
		{A0F588F5-A13B-4E1C-B1D5-C552451B9662}.Release|Any CPU.Build.0 = Release|Any CPU
	EndGlobalSection
	GlobalSection(SolutionProperties) = preSolution
		HideSolutionNode = FALSE
	EndGlobalSection
	GlobalSection(ExtensibilityGlobals) = postSolution
		SolutionGuid = {F4EC4F13-236B-458A-90D4-095BA3316E08}
	EndGlobalSection
EndGlobal
